
Microsoft Visual Studio Solution File, Format Version 12.00
Project("{FAE04EC0-301F-11D3-BF4B-00C04F79EFBC}") = "WebApiAuthor", "WebApiAuthor\WebApiAuthor.csproj", "{46549994-B167-49E2-A48F-BC6C06A44694}"
EndProject
Project("{FAE04EC0-301F-11D3-BF4B-00C04F79EFBC}") = "WebApiAuthors.Tests", "WebApiAuthors.Tests\WebApiAuthors.Tests.csproj", "{A73C90FA-BB08-4335-A8DC-52AABE0FD6A1}"
EndProject
Global
	GlobalSection(SolutionConfigurationPlatforms) = preSolution
		Debug|Any CPU = Debug|Any CPU
		Release|Any CPU = Release|Any CPU
	EndGlobalSection
	GlobalSection(ProjectConfigurationPlatforms) = postSolution
		{46549994-B167-49E2-A48F-BC6C06A44694}.Debug|Any CPU.ActiveCfg = Debug|Any CPU
		{46549994-B167-49E2-A48F-BC6C06A44694}.Debug|Any CPU.Build.0 = Debug|Any CPU
		{46549994-B167-49E2-A48F-BC6C06A44694}.Release|Any CPU.ActiveCfg = Release|Any CPU
		{46549994-B167-49E2-A48F-BC6C06A44694}.Release|Any CPU.Build.0 = Release|Any CPU
		{A73C90FA-BB08-4335-A8DC-52AABE0FD6A1}.Debug|Any CPU.ActiveCfg = Debug|Any CPU
		{A73C90FA-BB08-4335-A8DC-52AABE0FD6A1}.Debug|Any CPU.Build.0 = Debug|Any CPU
		{A73C90FA-BB08-4335-A8DC-52AABE0FD6A1}.Release|Any CPU.ActiveCfg = Release|Any CPU
		{A73C90FA-BB08-4335-A8DC-52AABE0FD6A1}.Release|Any CPU.Build.0 = Release|Any CPU
	EndGlobalSection
EndGlobal
